
Microsoft Visual Studio Solution File, Format Version 12.00
# Visual Studio 15
VisualStudioVersion = 15.0.27004.2008
MinimumVisualStudioVersion = 10.0.40219.1
Project("{8BC9CEB8-8B4A-11D0-8D11-00A0C91BC942}") = "SDFD202-Call-Centre", "SDFD202-Call-Centre\SDFD202-Call-Centre.vcxproj", "{968DBA34-0221-4DAD-A4C3-583DF8446617}"
EndProject
Global
	GlobalSection(SolutionConfigurationPlatforms) = preSolution
		Debug|x64 = Debug|x64
		Debug|x86 = Debug|x86
		Release|x64 = Release|x64
		Release|x86 = Release|x86
	EndGlobalSection
	GlobalSection(ProjectConfigurationPlatforms) = postSolution
		{968DBA34-0221-4DAD-A4C3-583DF8446617}.Debug|x64.ActiveCfg = Debug|x64
		{968DBA34-0221-4DAD-A4C3-583DF8446617}.Debug|x64.Build.0 = Debug|x64
		{968DBA34-0221-4DAD-A4C3-583DF8446617}.Debug|x86.ActiveCfg = Debug|Win32
		{968DBA34-0221-4DAD-A4C3-583DF8446617}.Debug|x86.Build.0 = Debug|Win32
		{968DBA34-0221-4DAD-A4C3-583DF8446617}.Release|x64.ActiveCfg = Release|x64
		{968DBA34-0221-4DAD-A4C3-583DF8446617}.Release|x64.Build.0 = Release|x64
		{968DBA34-0221-4DAD-A4C3-583DF8446617}.Release|x86.ActiveCfg = Release|Win32
		{968DBA34-0221-4DAD-A4C3-583DF8446617}.Release|x86.Build.0 = Release|Win32
	EndGlobalSection
	GlobalSection(SolutionProperties) = preSolution
		HideSolutionNode = FALSE
	EndGlobalSection
	GlobalSection(ExtensibilityGlobals) = postSolution
		SolutionGuid = {F44B0857-37DD-4B81-AC6C-5CF9A2C9B158}
	EndGlobalSection
EndGlobal
